
Microsoft Visual Studio Solution File, Format Version 12.00
# Visual Studio Version 17
VisualStudioVersion = 17.6.33801.468
MinimumVisualStudioVersion = 10.0.40219.1
Project("{FAE04EC0-301F-11D3-BF4B-00C04F79EFBC}") = "EmployeesProject", "EmployeesProject\EmployeesProject.csproj", "{E47F9145-F6CF-43D2-B1C7-6F85214C2A08}"
EndProject
Global
	GlobalSection(SolutionConfigurationPlatforms) = preSolution
		Debug|Any CPU = Debug|Any CPU
		Release|Any CPU = Release|Any CPU
	EndGlobalSection
	GlobalSection(ProjectConfigurationPlatforms) = postSolution
		{E47F9145-F6CF-43D2-B1C7-6F85214C2A08}.Debug|Any CPU.ActiveCfg = Debug|Any CPU
		{E47F9145-F6CF-43D2-B1C7-6F85214C2A08}.Debug|Any CPU.Build.0 = Debug|Any CPU
		{E47F9145-F6CF-43D2-B1C7-6F85214C2A08}.Release|Any CPU.ActiveCfg = Release|Any CPU
		{E47F9145-F6CF-43D2-B1C7-6F85214C2A08}.Release|Any CPU.Build.0 = Release|Any CPU
	EndGlobalSection
	GlobalSection(SolutionProperties) = preSolution
		HideSolutionNode = FALSE
	EndGlobalSection
	GlobalSection(ExtensibilityGlobals) = postSolution
		SolutionGuid = {2555C087-C244-4F4A-B3C1-D7AFE1D1F36B}
	EndGlobalSection
EndGlobal
